<?xml version="1.0" encoding="utf-8"?>
<Project ToolsVersion="4.0" xmlns="http://schemas.microsoft.com/developer/msbuild/2003">
  <ItemGroup>
    <Filter Include="ソース ファイル">
      <UniqueIdentifier>{4FC737F1-C7A5-4376-A066-2A32D752A2FF}</UniqueIdentifier>
      <Extensions>cpp;c;cc;cxx;c++;cppm;ixx;def;odl;idl;hpj;bat;asm;asmx</Extensions>
    </Filter>
    <Filter Include="ヘッダー ファイル">
      <UniqueIdentifier>{93995380-89BD-4b04-88EB-625FBE52EBFB}</UniqueIdentifier>
      <Extensions>h;hh;hpp;hxx;h++;hm;inl;inc;ipp;xsd</Extensions>
    </Filter>
    <Filter Include="リソース ファイル">
      <UniqueIdentifier>{67DA6AB6-F800-4c08-8B7A-83BB121AAD01}</UniqueIdentifier>
      <Extensions>rc;ico;cur;bmp;dlg;rc2;rct;bin;rgs;gif;jpg;jpeg;jpe;resx;tiff;tif;png;wav;mfcribbon-ms</Extensions>
    </Filter>
    <Filter Include="ソース ファイル\Mode">
      <UniqueIdentifier>{d59b0bb6-b5e5-4cac-b1ef-6e082f045dd2}</UniqueIdentifier>
    </Filter>
    <Filter Include="ヘッダー ファイル\Mode">
      <UniqueIdentifier>{bf0ba6a2-5fd8-4f9c-a50c-34dae31cb951}</UniqueIdentifier>
    </Filter>
    <Filter Include="ソース ファイル\Stage">
      <UniqueIdentifier>{ca9d406d-cdee-403a-9365-f9b58a999c8d}</UniqueIdentifier>
    </Filter>
    <Filter Include="ヘッダー ファイル\Stage">
      <UniqueIdentifier>{7daf642f-0042-45cf-aea0-5072984d0a5f}</UniqueIdentifier>
    </Filter>
    <Filter Include="ソース ファイル\Object">
      <UniqueIdentifier>{9bcbbb5c-c6b7-45ab-b793-ff50d189cf5d}</UniqueIdentifier>
    </Filter>
    <Filter Include="ヘッダー ファイル\Object">
      <UniqueIdentifier>{42528907-611e-497f-97dc-12a179090dbc}</UniqueIdentifier>
    </Filter>
    <Filter Include="ヘッダー ファイル\Player">
      <UniqueIdentifier>{1cf266d0-0011-4364-ba01-e7e0726764b3}</UniqueIdentifier>
    </Filter>
    <Filter Include="ソース ファイル\Player">
      <UniqueIdentifier>{0f788fb4-ffa9-4e3a-b466-e5c0e3338e62}</UniqueIdentifier>
    </Filter>
    <Filter Include="ソース ファイル\Camera">
      <UniqueIdentifier>{ce3a5d4a-19e9-42ee-8fe6-30d241e76d30}</UniqueIdentifier>
    </Filter>
    <Filter Include="ヘッダー ファイル\Camera">
      <UniqueIdentifier>{52c89068-034e-4431-b461-1922d0f7daa3}</UniqueIdentifier>
    </Filter>
    <Filter Include="ヘッダー ファイル\Star">
      <UniqueIdentifier>{ce2778e6-610d-4229-8aff-fc9677c48e79}</UniqueIdentifier>
    </Filter>
    <Filter Include="ヘッダー ファイル\UI">
      <UniqueIdentifier>{4f78ebce-9f57-40af-9033-55aa0ea2cc66}</UniqueIdentifier>
    </Filter>
    <Filter Include="ソース ファイル\UI">
      <UniqueIdentifier>{52e18750-8f79-4801-a3d7-261ff8792292}</UniqueIdentifier>
    </Filter>
    <Filter Include="ソース ファイル\Effect">
      <UniqueIdentifier>{02ccfbb3-894c-4b8f-a96e-42804fe4b20b}</UniqueIdentifier>
    </Filter>
    <Filter Include="ヘッダー ファイル\Effect">
      <UniqueIdentifier>{62fb51f6-5003-446c-9abd-61e1894325fb}</UniqueIdentifier>
    </Filter>
    <Filter Include="ソース ファイル\Enemy">
      <UniqueIdentifier>{54d8d77e-4625-43b9-950a-a3b88b9da54d}</UniqueIdentifier>
    </Filter>
    <Filter Include="ヘッダー ファイル\Enemy">
      <UniqueIdentifier>{fc3b6e87-c923-4ea4-b8ce-f09d7da2054f}</UniqueIdentifier>
    </Filter>
    <Filter Include="ソース ファイル\Player\Player_Action">
      <UniqueIdentifier>{a6458858-a388-4818-aab8-2de6b3d15337}</UniqueIdentifier>
    </Filter>
    <Filter Include="ソース ファイル\Enemy\Enemy_Action">
      <UniqueIdentifier>{967e6315-d3ca-4dd7-a71f-8004304b1aea}</UniqueIdentifier>
    </Filter>
    <Filter Include="ソース ファイル\Server">
      <UniqueIdentifier>{0fa298f1-4c20-48f6-a7e5-8ab09b30d6f3}</UniqueIdentifier>
    </Filter>
    <Filter Include="ソース ファイル\StageStar">
      <UniqueIdentifier>{f8ca9e54-db2b-40bc-be30-8d391d8ba240}</UniqueIdentifier>
    </Filter>
    <Filter Include="ソース ファイル\StageStar\StarAction">
      <UniqueIdentifier>{35d1c950-3c26-428d-a69e-c5d7749ab74e}</UniqueIdentifier>
    </Filter>
    <Filter Include="ソース ファイル\SkyStar">
      <UniqueIdentifier>{33cfde7d-f7a5-410b-ae93-dfcf02e3ff70}</UniqueIdentifier>
    </Filter>
    <Filter Include="ヘッダー ファイル\Server">
      <UniqueIdentifier>{d0f01317-0365-40a5-b5d5-f6a2642d7c13}</UniqueIdentifier>
    </Filter>
    <Filter Include="ソース ファイル\Enemy\Enemy_State">
      <UniqueIdentifier>{9ee59921-8ac6-4758-bda9-94f0c9b953d0}</UniqueIdentifier>
    </Filter>
  </ItemGroup>
  <ItemGroup>
    <ClCompile Include="Script\ApplicationMain.cpp">
      <Filter>ソース ファイル</Filter>
    </ClCompile>
    <ClCompile Include="Script\Mode\ModeGame.cpp">
      <Filter>ソース ファイル\Mode</Filter>
    </ClCompile>
    <ClCompile Include="Script\Stage\Stage.cpp">
      <Filter>ソース ファイル\Stage</Filter>
    </ClCompile>
    <ClCompile Include="Script\Object\ObjectBase.cpp">
      <Filter>ソース ファイル\Object</Filter>
    </ClCompile>
    <ClCompile Include="Script\Player\Player.cpp">
      <Filter>ソース ファイル\Player</Filter>
    </ClCompile>
    <ClCompile Include="Script\Stage\StageParameters.cpp">
      <Filter>ソース ファイル\Stage</Filter>
    </ClCompile>
    <ClCompile Include="Script\Player\PlayerParameters.cpp">
      <Filter>ソース ファイル\Player</Filter>
    </ClCompile>
    <ClCompile Include="Script\Camera\Camera.cpp">
      <Filter>ソース ファイル\Camera</Filter>
    </ClCompile>
    <ClCompile Include="Script\Camera\CameraParameters.cpp">
      <Filter>ソース ファイル\Camera</Filter>
    </ClCompile>
    <ClCompile Include="Script\Stage\CollisionToStage.cpp">
      <Filter>ソース ファイル\Stage</Filter>
    </ClCompile>
    <ClCompile Include="Script\Star\Star.cpp">
      <Filter>ソース ファイル\StageStar</Filter>
    </ClCompile>
    <ClCompile Include="Script\Star\StarParameter.cpp">
      <Filter>ソース ファイル\StageStar</Filter>
    </ClCompile>
    <ClCompile Include="Script\Camera\MoveCamera.cpp">
      <Filter>ソース ファイル\Camera</Filter>
    </ClCompile>
    <ClCompile Include="Script\Camera\ShootCamera.cpp">
      <Filter>ソース ファイル\Camera</Filter>
    </ClCompile>
    <ClCompile Include="Script\UI\UIManager.cpp">
      <Filter>ソース ファイル\UI</Filter>
    </ClCompile>
    <ClCompile Include="Script\UI\Shoot_UI.cpp">
      <Filter>ソース ファイル\UI</Filter>
    </ClCompile>
    <ClCompile Include="Script\Effect\ShootChargeEffect.cpp">
      <Filter>ソース ファイル\Effect</Filter>
    </ClCompile>
    <ClCompile Include="Script\Effect\EffectBase.cpp">
      <Filter>ソース ファイル\Effect</Filter>
    </ClCompile>
    <ClCompile Include="Script\Effect\ShootEffect.cpp">
      <Filter>ソース ファイル\Effect</Filter>
    </ClCompile>
    <ClCompile Include="Script\Effect\ShootPointEffect.cpp">
      <Filter>ソース ファイル\Effect</Filter>
    </ClCompile>
    <ClCompile Include="Script\Enemy\Enemy.cpp">
      <Filter>ソース ファイル\Enemy</Filter>
    </ClCompile>
    <ClCompile Include="Script\Enemy\EnemyParameters.cpp">
      <Filter>ソース ファイル\Enemy</Filter>
    </ClCompile>
    <ClCompile Include="Script\Enemy\SwitchStatus.cpp">
      <Filter>ソース ファイル\Enemy</Filter>
    </ClCompile>
    <ClCompile Include="Script\Player\HoldSlingShot.cpp">
      <Filter>ソース ファイル\Player\Player_Action</Filter>
    </ClCompile>
    <ClCompile Include="Script\Player\Jump.cpp">
      <Filter>ソース ファイル\Player\Player_Action</Filter>
    </ClCompile>
    <ClCompile Include="Script\Effect\EffectServer.cpp">
      <Filter>ソース ファイル\Server</Filter>
    </ClCompile>
    <ClCompile Include="Script\Object\ObjectServer.cpp">
      <Filter>ソース ファイル\Server</Filter>
    </ClCompile>
    <ClCompile Include="Script\Enemy\SwitchEnemyAnimation.cpp">
      <Filter>ソース ファイル\Enemy</Filter>
    </ClCompile>
    <ClCompile Include="Script\Player\SwitchPlayerAnimation.cpp">
      <Filter>ソース ファイル\Player</Filter>
    </ClCompile>
    <ClCompile Include="Script\Player\SwitchPlayerStatus.cpp">
      <Filter>ソース ファイル\Player</Filter>
    </ClCompile>
    <ClCompile Include="Script\Player\SwitchPlayerAction.cpp">
      <Filter>ソース ファイル\Player\Player_Action</Filter>
    </ClCompile>
    <ClCompile Include="Script\Effect\DamageEffect.cpp">
      <Filter>ソース ファイル\Effect</Filter>
    </ClCompile>
    <ClCompile Include="Script\UI\TimingGame_UI.cpp">
      <Filter>ソース ファイル\UI</Filter>
    </ClCompile>
    <ClCompile Include="Script\Effect\ZodiacSignEffect.cpp">
      <Filter>ソース ファイル\Effect</Filter>
    </ClCompile>
    <ClCompile Include="Script\Effect\GetStarEffect.cpp">
      <Filter>ソース ファイル\Effect</Filter>
    </ClCompile>
    <ClCompile Include="Script\UI\Score_UI.cpp">
      <Filter>ソース ファイル\UI</Filter>
    </ClCompile>
    <ClCompile Include="Script\UI\Hp_UI.cpp">
      <Filter>ソース ファイル\UI</Filter>
    </ClCompile>
    <ClCompile Include="Script\Mode\ModeTitle.cpp">
      <Filter>ソース ファイル\Mode</Filter>
    </ClCompile>
    <ClCompile Include="Script\Mode\ModeOverlay.cpp">
      <Filter>ソース ファイル\Mode</Filter>
    </ClCompile>
    <ClCompile Include="Script\Effect\StageFlowEffect.cpp">
      <Filter>ソース ファイル\Effect</Filter>
    </ClCompile>
    <ClCompile Include="Script\Camera\SkyStarCamera.cpp">
      <Filter>ソース ファイル\Camera</Filter>
    </ClCompile>
    <ClCompile Include="Script\Effect\TimingRankEffect.cpp">
      <Filter>ソース ファイル\Effect</Filter>
    </ClCompile>
    <ClCompile Include="Script\Mode\ModeGameClear.cpp">
      <Filter>ソース ファイル\Mode</Filter>
    </ClCompile>
    <ClCompile Include="Script\Mode\ModeMenu.cpp">
      <Filter>ソース ファイル\Mode</Filter>
    </ClCompile>
    <ClCompile Include="Script\Mode\ModePauseMenu.cpp">
      <Filter>ソース ファイル\Mode</Filter>
    </ClCompile>
    <ClCompile Include="Script\Mode\ModeTutorial.cpp">
      <Filter>ソース ファイル\Mode</Filter>
    </ClCompile>
    <ClCompile Include="Script\Mode\ModeGameOver.cpp">
      <Filter>ソース ファイル\Mode</Filter>
    </ClCompile>
    <ClCompile Include="Script\Player\SwitchPlayerSound.cpp">
      <Filter>ソース ファイル\Player</Filter>
    </ClCompile>
    <ClCompile Include="Script\Mode\ModeMovie.cpp">
      <Filter>ソース ファイル\Mode</Filter>
    </ClCompile>
    <ClCompile Include="Script\Enemy\SwitchEnemySound.cpp">
      <Filter>ソース ファイル\Enemy</Filter>
    </ClCompile>
    <ClCompile Include="Script\Stage\StageInitialize.cpp">
      <Filter>ソース ファイル\Stage</Filter>
    </ClCompile>
    <ClCompile Include="Script\Star\Wait.cpp">
      <Filter>ソース ファイル\StageStar\StarAction</Filter>
    </ClCompile>
    <ClCompile Include="Script\Star\Follow.cpp">
      <Filter>ソース ファイル\StageStar\StarAction</Filter>
    </ClCompile>
    <ClCompile Include="Script\Star\Diffusion.cpp">
      <Filter>ソース ファイル\StageStar\StarAction</Filter>
    </ClCompile>
    <ClCompile Include="Script\Star\SkyStar.cpp">
      <Filter>ソース ファイル\SkyStar</Filter>
    </ClCompile>
    <ClCompile Include="Script\Star\SkyStarParameter.cpp">
      <Filter>ソース ファイル\SkyStar</Filter>
    </ClCompile>
    <ClCompile Include="Script\Mode\ModeLoading.cpp">
      <Filter>ソース ファイル\Mode</Filter>
    </ClCompile>
    <ClCompile Include="Script\Effect\PlayerTrailEffect.cpp">
      <Filter>ソース ファイル\Effect</Filter>
    </ClCompile>
    <ClCompile Include="Script\Enemy\EnemyMove.cpp">
      <Filter>ソース ファイル\Enemy\Enemy_Action</Filter>
    </ClCompile>
    <ClCompile Include="Script\Enemy\EnemyAttackState.cpp">
      <Filter>ソース ファイル\Enemy\Enemy_State</Filter>
    </ClCompile>
    <ClCompile Include="Script\Enemy\EnemyEscapeState.cpp">
      <Filter>ソース ファイル\Enemy\Enemy_State</Filter>
    </ClCompile>
    <ClCompile Include="Script\Enemy\EnemyTrackingState.cpp">
      <Filter>ソース ファイル\Enemy\Enemy_State</Filter>
    </ClCompile>
    <ClCompile Include="Script\Enemy\EnemyWaitState.cpp">
      <Filter>ソース ファイル\Enemy\Enemy_State</Filter>
    </ClCompile>
    <ClCompile Include="Script\Player\PlayerMove.cpp">
      <Filter>ソース ファイル\Player\Player_Action</Filter>
    </ClCompile>
  </ItemGroup>
  <ItemGroup>
    <ClInclude Include="Script\ApplicationMain.h">
      <Filter>ヘッダー ファイル</Filter>
    </ClInclude>
    <ClInclude Include="Script\Mode\ModeGame.h">
      <Filter>ヘッダー ファイル\Mode</Filter>
    </ClInclude>
    <ClInclude Include="Script\Stage\Stage.h">
      <Filter>ヘッダー ファイル\Stage</Filter>
    </ClInclude>
    <ClInclude Include="Script\Object\ObjectBase.h">
      <Filter>ヘッダー ファイル\Object</Filter>
    </ClInclude>
    <ClInclude Include="Script\Player\Player.h">
      <Filter>ヘッダー ファイル\Player</Filter>
    </ClInclude>
    <ClInclude Include="Script\Stage\StageParameters.h">
      <Filter>ヘッダー ファイル\Stage</Filter>
    </ClInclude>
    <ClInclude Include="Script\Player\PlayerParameters.h">
      <Filter>ヘッダー ファイル\Player</Filter>
    </ClInclude>
    <ClInclude Include="Script\Camera\Camera.h">
      <Filter>ヘッダー ファイル\Camera</Filter>
    </ClInclude>
    <ClInclude Include="Script\Camera\CameraParameters.h">
      <Filter>ヘッダー ファイル\Camera</Filter>
    </ClInclude>
    <ClInclude Include="Script\Star\Star.h">
      <Filter>ヘッダー ファイル\Star</Filter>
    </ClInclude>
    <ClInclude Include="Script\Star\StarParameter.h">
      <Filter>ヘッダー ファイル\Star</Filter>
    </ClInclude>
    <ClInclude Include="Script\UI\UIManager.h">
      <Filter>ヘッダー ファイル\UI</Filter>
    </ClInclude>
    <ClInclude Include="Script\UI\Shoot_UI.h">
      <Filter>ヘッダー ファイル\UI</Filter>
    </ClInclude>
    <ClInclude Include="Script\Effect\ShootChargeEffect.h">
      <Filter>ヘッダー ファイル\Effect</Filter>
    </ClInclude>
    <ClInclude Include="Script\Effect\EffectBase.h">
      <Filter>ヘッダー ファイル\Effect</Filter>
    </ClInclude>
    <ClInclude Include="Script\Effect\ShootEffect.h">
      <Filter>ヘッダー ファイル\Effect</Filter>
    </ClInclude>
    <ClInclude Include="Script\Effect\ShootPointEffect.h">
      <Filter>ヘッダー ファイル\Effect</Filter>
    </ClInclude>
    <ClInclude Include="Script\Enemy\Enemy.h">
      <Filter>ヘッダー ファイル\Enemy</Filter>
    </ClInclude>
    <ClInclude Include="Script\Enemy\EnemyParameters.h">
      <Filter>ヘッダー ファイル\Enemy</Filter>
    </ClInclude>
    <ClInclude Include="Script\Effect\DamageEffect.h">
      <Filter>ヘッダー ファイル\Effect</Filter>
    </ClInclude>
    <ClInclude Include="Script\Star\SkyStar.h">
      <Filter>ヘッダー ファイル\Star</Filter>
    </ClInclude>
    <ClInclude Include="Script\Star\SkyStarParameter.h">
      <Filter>ヘッダー ファイル\Star</Filter>
    </ClInclude>
    <ClInclude Include="Script\UI\TimingGame_UI.h">
      <Filter>ヘッダー ファイル\UI</Filter>
    </ClInclude>
    <ClInclude Include="Script\Effect\ZodiacSignEffect.h">
      <Filter>ヘッダー ファイル\Effect</Filter>
    </ClInclude>
    <ClInclude Include="Script\Effect\GetStarEffect.h">
      <Filter>ヘッダー ファイル\Effect</Filter>
    </ClInclude>
    <ClInclude Include="Script\UI\Score_UI.h">
      <Filter>ヘッダー ファイル\UI</Filter>
    </ClInclude>
    <ClInclude Include="Script\UI\Hp_UI.h">
      <Filter>ヘッダー ファイル\UI</Filter>
    </ClInclude>
    <ClInclude Include="Script\Mode\ModeTitle.h">
      <Filter>ヘッダー ファイル\Mode</Filter>
    </ClInclude>
    <ClInclude Include="Script\Effect\StageFlowEffect.h">
      <Filter>ヘッダー ファイル\Effect</Filter>
    </ClInclude>
    <ClInclude Include="Script\Effect\TimingRankEffect.h">
      <Filter>ヘッダー ファイル\Effect</Filter>
    </ClInclude>
    <ClInclude Include="Script\Mode\ModeGameClear.h">
      <Filter>ヘッダー ファイル\Mode</Filter>
    </ClInclude>
    <ClInclude Include="Script\Mode\ModeMenu.h">
      <Filter>ヘッダー ファイル\Mode</Filter>
    </ClInclude>
    <ClInclude Include="Script\Mode\ModeOverlay.h">
      <Filter>ヘッダー ファイル\Mode</Filter>
    </ClInclude>
    <ClInclude Include="Script\Mode\ModePauseMenu.h">
      <Filter>ヘッダー ファイル\Mode</Filter>
    </ClInclude>
    <ClInclude Include="Script\Mode\ModeTutorial.h">
      <Filter>ヘッダー ファイル\Mode</Filter>
    </ClInclude>
    <ClInclude Include="Script\Mode\ModeGameOver.h">
      <Filter>ヘッダー ファイル\Mode</Filter>
    </ClInclude>
    <ClInclude Include="Script\Mode\ModeMovie.h">
      <Filter>ヘッダー ファイル\Mode</Filter>
    </ClInclude>
    <ClInclude Include="Script\Mode\ModeLoading.h">
      <Filter>ヘッダー ファイル\Mode</Filter>
    </ClInclude>
    <ClInclude Include="Script\Effect\PlayerTrailEffect.h">
      <Filter>ヘッダー ファイル\Effect</Filter>
    </ClInclude>
    <ClInclude Include="Script\Effect\EffectServer.h">
      <Filter>ヘッダー ファイル\Server</Filter>
    </ClInclude>
    <ClInclude Include="Script\Object\ObjectServer.h">
      <Filter>ヘッダー ファイル\Server</Filter>
    </ClInclude>
    <ClInclude Include="Script\Enemy\EnemyAttackState.h">
      <Filter>ヘッダー ファイル\Enemy</Filter>
    </ClInclude>
    <ClInclude Include="Script\Enemy\EnemyEscapeState.h">
      <Filter>ヘッダー ファイル\Enemy</Filter>
    </ClInclude>
    <ClInclude Include="Script\Enemy\EnemyState.h">
      <Filter>ヘッダー ファイル\Enemy</Filter>
    </ClInclude>
    <ClInclude Include="Script\Enemy\EnemyWaitState.h">
      <Filter>ヘッダー ファイル\Enemy</Filter>
    </ClInclude>
    <ClInclude Include="Script\Enemy\EnemyTrackingState.h">
      <Filter>ヘッダー ファイル\Enemy</Filter>
    </ClInclude>
  </ItemGroup>
</Project>